
Microsoft Visual Studio Solution File, Format Version 12.00
# Visual Studio Version 17
VisualStudioVersion = 17.8.34330.188
MinimumVisualStudioVersion = 10.0.40219.1
Project("{2150E333-8FDC-42A3-9474-1A3956D46DE8}") = "Services", "Services", "{62BB96E8-6071-45B3-9542-30272875C0B4}"
EndProject
Project("{2150E333-8FDC-42A3-9474-1A3956D46DE8}") = "Catalog", "Catalog", "{66459B22-B5D7-42F9-B389-AAD5272AE315}"
EndProject
Project("{FAE04EC0-301F-11D3-BF4B-00C04F79EFBC}") = "ECommerce.Catalog", "Services\Catalog\ECommerce.Catalog\ECommerce.Catalog.csproj", "{BCEA0C25-1954-40AE-B5E3-3E7EDC15D6C5}"
EndProject
Global
	GlobalSection(SolutionConfigurationPlatforms) = preSolution
		Debug|Any CPU = Debug|Any CPU
		Release|Any CPU = Release|Any CPU
	EndGlobalSection
	GlobalSection(ProjectConfigurationPlatforms) = postSolution
		{BCEA0C25-1954-40AE-B5E3-3E7EDC15D6C5}.Debug|Any CPU.ActiveCfg = Debug|Any CPU
		{BCEA0C25-1954-40AE-B5E3-3E7EDC15D6C5}.Debug|Any CPU.Build.0 = Debug|Any CPU
		{BCEA0C25-1954-40AE-B5E3-3E7EDC15D6C5}.Release|Any CPU.ActiveCfg = Release|Any CPU
		{BCEA0C25-1954-40AE-B5E3-3E7EDC15D6C5}.Release|Any CPU.Build.0 = Release|Any CPU
	EndGlobalSection
	GlobalSection(SolutionProperties) = preSolution
		HideSolutionNode = FALSE
	EndGlobalSection
	GlobalSection(NestedProjects) = preSolution
		{66459B22-B5D7-42F9-B389-AAD5272AE315} = {62BB96E8-6071-45B3-9542-30272875C0B4}
		{BCEA0C25-1954-40AE-B5E3-3E7EDC15D6C5} = {66459B22-B5D7-42F9-B389-AAD5272AE315}
	EndGlobalSection
	GlobalSection(ExtensibilityGlobals) = postSolution
		SolutionGuid = {D55E3C7E-362B-4BD9-AB70-B6A29B2668D6}
	EndGlobalSection
EndGlobal
