
Microsoft Visual Studio Solution File, Format Version 12.00
# Visual Studio Version 17
VisualStudioVersion = 17.8.34330.188
MinimumVisualStudioVersion = 10.0.40219.1
Project("{2150E333-8FDC-42A3-9474-1A3956D46DE8}") = "Services", "Services", "{62BB96E8-6071-45B3-9542-30272875C0B4}"
EndProject
Project("{2150E333-8FDC-42A3-9474-1A3956D46DE8}") = "Catalog", "Catalog", "{66459B22-B5D7-42F9-B389-AAD5272AE315}"
EndProject
Project("{9A19103F-16F7-4668-BE54-9A1E7A4F7556}") = "ECommerce.Catalog", "Services\Catalog\ECommerce.Catalog\ECommerce.Catalog.csproj", "{BCEA0C25-1954-40AE-B5E3-3E7EDC15D6C5}"
EndProject
Project("{2150E333-8FDC-42A3-9474-1A3956D46DE8}") = "Discount", "Discount", "{0E240F57-69B1-4718-A587-3AC055E13564}"
EndProject
Project("{9A19103F-16F7-4668-BE54-9A1E7A4F7556}") = "ECommerce.Discount", "Services\Discount\ECommerce.Discount\ECommerce.Discount.csproj", "{11116E1A-D25B-42EB-AE6D-1AA51700D6DA}"
EndProject
Project("{2150E333-8FDC-42A3-9474-1A3956D46DE8}") = "Order", "Order", "{8F1887A0-568D-4434-AA00-2F545353572F}"
EndProject
Project("{2150E333-8FDC-42A3-9474-1A3956D46DE8}") = "Core", "Core", "{4382EAB2-8353-4E0A-B9B3-143E5E2328C8}"
EndProject
Project("{2150E333-8FDC-42A3-9474-1A3956D46DE8}") = "Infrastructure", "Infrastructure", "{FB69A3CC-6214-4FA6-9423-DD3D34B29A9B}"
EndProject
Project("{2150E333-8FDC-42A3-9474-1A3956D46DE8}") = "Presentation", "Presentation", "{C40B4A5D-27DE-46A7-9BDE-FA9468167E02}"
EndProject
Project("{9A19103F-16F7-4668-BE54-9A1E7A4F7556}") = "ECommerce.Order.Domain", "Services\Order\Core\ECommerce.Order.Domain\ECommerce.Order.Domain.csproj", "{803CD923-A3A4-440D-8A22-1CA012C4D096}"
EndProject
Project("{9A19103F-16F7-4668-BE54-9A1E7A4F7556}") = "ECommerce.Order.Application", "Services\Order\Core\ECommerce.Order.Application\ECommerce.Order.Application.csproj", "{4228DB06-0CAB-4613-AF1B-01DD5A50616A}"
EndProject
Project("{9A19103F-16F7-4668-BE54-9A1E7A4F7556}") = "ECommerce.Order.Persistence", "Services\Order\Infrastructure\ECommerce.Order.Persistence\ECommerce.Order.Persistence.csproj", "{2D9519A6-88ED-44A7-84C5-79731EC2B81E}"
EndProject
Project("{9A19103F-16F7-4668-BE54-9A1E7A4F7556}") = "ECommerce.Order.WebApi", "Services\Order\Presentation\ECommerce.Order.WebApi\ECommerce.Order.WebApi.csproj", "{B05B77C9-9C0A-42D5-BF52-D3989A56D12A}"
EndProject
Project("{2150E333-8FDC-42A3-9474-1A3956D46DE8}") = "IdentityServer", "IdentityServer", "{06C1561D-6C19-4014-800E-C244BD76868C}"
EndProject
Project("{9A19103F-16F7-4668-BE54-9A1E7A4F7556}") = "ECommerce.IdentityServer", "IdentityServer\ECommerce.IdentityServer\ECommerce.IdentityServer.csproj", "{AEA6DF09-361C-4A80-9A10-D48B6C0483A1}"
EndProject
Project("{2150E333-8FDC-42A3-9474-1A3956D46DE8}") = "Cargo", "Cargo", "{F753446C-F2D2-43A1-9104-20142B3B4E55}"
EndProject
Project("{FAE04EC0-301F-11D3-BF4B-00C04F79EFBC}") = "ECommerce.Cargo.BusinessLayer", "Services\Cargo\ECommerce.Cargo.BusinessLayer\ECommerce.Cargo.BusinessLayer.csproj", "{7D70A1BD-EC3F-487F-9F2D-F615979809AB}"
EndProject
Project("{FAE04EC0-301F-11D3-BF4B-00C04F79EFBC}") = "ECommerce.Cargo.EntityLayer", "Services\Cargo\ECommerce.Cargo.EntityLayer\ECommerce.Cargo.EntityLayer.csproj", "{30CB2E8E-9A96-461A-A089-976E731597DC}"
EndProject
Project("{FAE04EC0-301F-11D3-BF4B-00C04F79EFBC}") = "ECommerce.Cargo.DataAccessLayer", "Services\Cargo\ECommerce.Cargo.DataAccessLayer\ECommerce.Cargo.DataAccessLayer.csproj", "{D58675B7-8900-44D8-9545-137A0114AED8}"
EndProject
Project("{FAE04EC0-301F-11D3-BF4B-00C04F79EFBC}") = "ECommerce.Cargo.DtoLayer", "Services\Cargo\ECommerce.Cargo.DtoLayer\ECommerce.Cargo.DtoLayer.csproj", "{DEB939E9-4FD3-4B33-B759-CAF4E8E77556}"
EndProject
Project("{FAE04EC0-301F-11D3-BF4B-00C04F79EFBC}") = "ECommerce.Cargo.WebApi", "Services\Cargo\ECommerce.Cargo.WebApi\ECommerce.Cargo.WebApi.csproj", "{08F7F788-2455-495E-B3B1-999882BD973E}"
EndProject
Global
	GlobalSection(SolutionConfigurationPlatforms) = preSolution
		Debug|Any CPU = Debug|Any CPU
		Release|Any CPU = Release|Any CPU
	EndGlobalSection
	GlobalSection(ProjectConfigurationPlatforms) = postSolution
		{BCEA0C25-1954-40AE-B5E3-3E7EDC15D6C5}.Debug|Any CPU.ActiveCfg = Debug|Any CPU
		{BCEA0C25-1954-40AE-B5E3-3E7EDC15D6C5}.Debug|Any CPU.Build.0 = Debug|Any CPU
		{BCEA0C25-1954-40AE-B5E3-3E7EDC15D6C5}.Release|Any CPU.ActiveCfg = Release|Any CPU
		{BCEA0C25-1954-40AE-B5E3-3E7EDC15D6C5}.Release|Any CPU.Build.0 = Release|Any CPU
		{11116E1A-D25B-42EB-AE6D-1AA51700D6DA}.Debug|Any CPU.ActiveCfg = Debug|Any CPU
		{11116E1A-D25B-42EB-AE6D-1AA51700D6DA}.Debug|Any CPU.Build.0 = Debug|Any CPU
		{11116E1A-D25B-42EB-AE6D-1AA51700D6DA}.Release|Any CPU.ActiveCfg = Release|Any CPU
		{11116E1A-D25B-42EB-AE6D-1AA51700D6DA}.Release|Any CPU.Build.0 = Release|Any CPU
		{803CD923-A3A4-440D-8A22-1CA012C4D096}.Debug|Any CPU.ActiveCfg = Debug|Any CPU
		{803CD923-A3A4-440D-8A22-1CA012C4D096}.Debug|Any CPU.Build.0 = Debug|Any CPU
		{803CD923-A3A4-440D-8A22-1CA012C4D096}.Release|Any CPU.ActiveCfg = Release|Any CPU
		{803CD923-A3A4-440D-8A22-1CA012C4D096}.Release|Any CPU.Build.0 = Release|Any CPU
		{4228DB06-0CAB-4613-AF1B-01DD5A50616A}.Debug|Any CPU.ActiveCfg = Debug|Any CPU
		{4228DB06-0CAB-4613-AF1B-01DD5A50616A}.Debug|Any CPU.Build.0 = Debug|Any CPU
		{4228DB06-0CAB-4613-AF1B-01DD5A50616A}.Release|Any CPU.ActiveCfg = Release|Any CPU
		{4228DB06-0CAB-4613-AF1B-01DD5A50616A}.Release|Any CPU.Build.0 = Release|Any CPU
		{2D9519A6-88ED-44A7-84C5-79731EC2B81E}.Debug|Any CPU.ActiveCfg = Debug|Any CPU
		{2D9519A6-88ED-44A7-84C5-79731EC2B81E}.Debug|Any CPU.Build.0 = Debug|Any CPU
		{2D9519A6-88ED-44A7-84C5-79731EC2B81E}.Release|Any CPU.ActiveCfg = Release|Any CPU
		{2D9519A6-88ED-44A7-84C5-79731EC2B81E}.Release|Any CPU.Build.0 = Release|Any CPU
		{B05B77C9-9C0A-42D5-BF52-D3989A56D12A}.Debug|Any CPU.ActiveCfg = Debug|Any CPU
		{B05B77C9-9C0A-42D5-BF52-D3989A56D12A}.Debug|Any CPU.Build.0 = Debug|Any CPU
		{B05B77C9-9C0A-42D5-BF52-D3989A56D12A}.Release|Any CPU.ActiveCfg = Release|Any CPU
		{B05B77C9-9C0A-42D5-BF52-D3989A56D12A}.Release|Any CPU.Build.0 = Release|Any CPU
		{AEA6DF09-361C-4A80-9A10-D48B6C0483A1}.Debug|Any CPU.ActiveCfg = Debug|Any CPU
		{AEA6DF09-361C-4A80-9A10-D48B6C0483A1}.Debug|Any CPU.Build.0 = Debug|Any CPU
		{AEA6DF09-361C-4A80-9A10-D48B6C0483A1}.Release|Any CPU.ActiveCfg = Release|Any CPU
		{AEA6DF09-361C-4A80-9A10-D48B6C0483A1}.Release|Any CPU.Build.0 = Release|Any CPU
		{7D70A1BD-EC3F-487F-9F2D-F615979809AB}.Debug|Any CPU.ActiveCfg = Debug|Any CPU
		{7D70A1BD-EC3F-487F-9F2D-F615979809AB}.Debug|Any CPU.Build.0 = Debug|Any CPU
		{7D70A1BD-EC3F-487F-9F2D-F615979809AB}.Release|Any CPU.ActiveCfg = Release|Any CPU
		{7D70A1BD-EC3F-487F-9F2D-F615979809AB}.Release|Any CPU.Build.0 = Release|Any CPU
		{30CB2E8E-9A96-461A-A089-976E731597DC}.Debug|Any CPU.ActiveCfg = Debug|Any CPU
		{30CB2E8E-9A96-461A-A089-976E731597DC}.Debug|Any CPU.Build.0 = Debug|Any CPU
		{30CB2E8E-9A96-461A-A089-976E731597DC}.Release|Any CPU.ActiveCfg = Release|Any CPU
		{30CB2E8E-9A96-461A-A089-976E731597DC}.Release|Any CPU.Build.0 = Release|Any CPU
		{D58675B7-8900-44D8-9545-137A0114AED8}.Debug|Any CPU.ActiveCfg = Debug|Any CPU
		{D58675B7-8900-44D8-9545-137A0114AED8}.Debug|Any CPU.Build.0 = Debug|Any CPU
		{D58675B7-8900-44D8-9545-137A0114AED8}.Release|Any CPU.ActiveCfg = Release|Any CPU
		{D58675B7-8900-44D8-9545-137A0114AED8}.Release|Any CPU.Build.0 = Release|Any CPU
		{DEB939E9-4FD3-4B33-B759-CAF4E8E77556}.Debug|Any CPU.ActiveCfg = Debug|Any CPU
		{DEB939E9-4FD3-4B33-B759-CAF4E8E77556}.Debug|Any CPU.Build.0 = Debug|Any CPU
		{DEB939E9-4FD3-4B33-B759-CAF4E8E77556}.Release|Any CPU.ActiveCfg = Release|Any CPU
		{DEB939E9-4FD3-4B33-B759-CAF4E8E77556}.Release|Any CPU.Build.0 = Release|Any CPU
		{08F7F788-2455-495E-B3B1-999882BD973E}.Debug|Any CPU.ActiveCfg = Debug|Any CPU
		{08F7F788-2455-495E-B3B1-999882BD973E}.Debug|Any CPU.Build.0 = Debug|Any CPU
		{08F7F788-2455-495E-B3B1-999882BD973E}.Release|Any CPU.ActiveCfg = Release|Any CPU
		{08F7F788-2455-495E-B3B1-999882BD973E}.Release|Any CPU.Build.0 = Release|Any CPU
	EndGlobalSection
	GlobalSection(SolutionProperties) = preSolution
		HideSolutionNode = FALSE
	EndGlobalSection
	GlobalSection(NestedProjects) = preSolution
		{66459B22-B5D7-42F9-B389-AAD5272AE315} = {62BB96E8-6071-45B3-9542-30272875C0B4}
		{BCEA0C25-1954-40AE-B5E3-3E7EDC15D6C5} = {66459B22-B5D7-42F9-B389-AAD5272AE315}
		{0E240F57-69B1-4718-A587-3AC055E13564} = {62BB96E8-6071-45B3-9542-30272875C0B4}
		{11116E1A-D25B-42EB-AE6D-1AA51700D6DA} = {0E240F57-69B1-4718-A587-3AC055E13564}
		{8F1887A0-568D-4434-AA00-2F545353572F} = {62BB96E8-6071-45B3-9542-30272875C0B4}
		{4382EAB2-8353-4E0A-B9B3-143E5E2328C8} = {8F1887A0-568D-4434-AA00-2F545353572F}
		{FB69A3CC-6214-4FA6-9423-DD3D34B29A9B} = {8F1887A0-568D-4434-AA00-2F545353572F}
		{C40B4A5D-27DE-46A7-9BDE-FA9468167E02} = {8F1887A0-568D-4434-AA00-2F545353572F}
		{803CD923-A3A4-440D-8A22-1CA012C4D096} = {4382EAB2-8353-4E0A-B9B3-143E5E2328C8}
		{4228DB06-0CAB-4613-AF1B-01DD5A50616A} = {4382EAB2-8353-4E0A-B9B3-143E5E2328C8}
		{2D9519A6-88ED-44A7-84C5-79731EC2B81E} = {FB69A3CC-6214-4FA6-9423-DD3D34B29A9B}
		{B05B77C9-9C0A-42D5-BF52-D3989A56D12A} = {C40B4A5D-27DE-46A7-9BDE-FA9468167E02}
		{AEA6DF09-361C-4A80-9A10-D48B6C0483A1} = {06C1561D-6C19-4014-800E-C244BD76868C}
		{F753446C-F2D2-43A1-9104-20142B3B4E55} = {62BB96E8-6071-45B3-9542-30272875C0B4}
		{7D70A1BD-EC3F-487F-9F2D-F615979809AB} = {F753446C-F2D2-43A1-9104-20142B3B4E55}
		{30CB2E8E-9A96-461A-A089-976E731597DC} = {F753446C-F2D2-43A1-9104-20142B3B4E55}
		{D58675B7-8900-44D8-9545-137A0114AED8} = {F753446C-F2D2-43A1-9104-20142B3B4E55}
		{DEB939E9-4FD3-4B33-B759-CAF4E8E77556} = {F753446C-F2D2-43A1-9104-20142B3B4E55}
		{08F7F788-2455-495E-B3B1-999882BD973E} = {F753446C-F2D2-43A1-9104-20142B3B4E55}
	EndGlobalSection
	GlobalSection(ExtensibilityGlobals) = postSolution
		SolutionGuid = {D55E3C7E-362B-4BD9-AB70-B6A29B2668D6}
	EndGlobalSection
EndGlobal
